// !$*UTF8*$!
{
	archiveVersion = 1;
	classes = {
	};
	objectVersion = 46;
	objects = {

/* Begin PBXBuildFile section */
		1B116E301DD990E000CB99CA /* MyURLs.swift in Sources */ = {isa = PBXBuildFile; fileRef = 1B116E2F1DD990E000CB99CA /* MyURLs.swift */; };
		1B116E321DD9E2AA00CB99CA /* AvailableOrdersDataSource.swift in Sources */ = {isa = PBXBuildFile; fileRef = 1B116E311DD9E2AA00CB99CA /* AvailableOrdersDataSource.swift */; };
		1B13BAA11D830A2300FC5D3F /* OrderDetailViewController3.swift in Sources */ = {isa = PBXBuildFile; fileRef = 1B13BAA01D830A2300FC5D3F /* OrderDetailViewController3.swift */; };
		1B210D121DE93B9A005846F8 /* ActiveOrdersListen.swift in Sources */ = {isa = PBXBuildFile; fileRef = 1B210D111DE93B9A005846F8 /* ActiveOrdersListen.swift */; };
		1B210D141DE94BDC005846F8 /* MyColor.swift in Sources */ = {isa = PBXBuildFile; fileRef = 1B210D131DE94BDC005846F8 /* MyColor.swift */; };
		1B210D161DE987AE005846F8 /* TabBarViewController.swift in Sources */ = {isa = PBXBuildFile; fileRef = 1B210D151DE987AE005846F8 /* TabBarViewController.swift */; };
		1B210D181DE9D3E8005846F8 /* UpdateProfile.swift in Sources */ = {isa = PBXBuildFile; fileRef = 1B210D171DE9D3E8005846F8 /* UpdateProfile.swift */; };
		1B2DD2B71D4C5115006B2E0F /* AddOrderViewController.swift in Sources */ = {isa = PBXBuildFile; fileRef = 1B2DD2B61D4C5115006B2E0F /* AddOrderViewController.swift */; };
		1B2DD2BA1D4C6304006B2E0F /* Order+CoreDataProperties.swift in Sources */ = {isa = PBXBuildFile; fileRef = 1B2DD2B81D4C6304006B2E0F /* Order+CoreDataProperties.swift */; };
		1B2DD2BB1D4C6304006B2E0F /* Order.swift in Sources */ = {isa = PBXBuildFile; fileRef = 1B2DD2B91D4C6304006B2E0F /* Order.swift */; };
		1B36AA7E1D7D431700B614F6 /* DataTableViewController3.swift in Sources */ = {isa = PBXBuildFile; fileRef = 1B36AA7D1D7D431700B614F6 /* DataTableViewController3.swift */; };
		1B39FFCF1D4FAAB9001F649A /* UIBarExtension.swift in Sources */ = {isa = PBXBuildFile; fileRef = 1B39FFCE1D4FAAB9001F649A /* UIBarExtension.swift */; };
		1B4B942D1DE6B1CD00586075 /* HistoryOrdersDataSource.swift in Sources */ = {isa = PBXBuildFile; fileRef = 1B4B942C1DE6B1CD00586075 /* HistoryOrdersDataSource.swift */; };
		1B6195F91D7B157100E52EF9 /* RGViewPagerController.swift in Sources */ = {isa = PBXBuildFile; fileRef = 1B6195F81D7B157100E52EF9 /* RGViewPagerController.swift */; };
		1B6195FB1D7B157100E52EF9 /* RGPageViewController.swift in Sources */ = {isa = PBXBuildFile; fileRef = 1B6195FA1D7B157100E52EF9 /* RGPageViewController.swift */; };
		1B6195FD1D7B157100E52EF9 /* DataTableViewController.swift in Sources */ = {isa = PBXBuildFile; fileRef = 1B6195FC1D7B157100E52EF9 /* DataTableViewController.swift */; };
		1B6195FF1D7B257500E52EF9 /* OrderDetailViewController2.swift in Sources */ = {isa = PBXBuildFile; fileRef = 1B6195FE1D7B257500E52EF9 /* OrderDetailViewController2.swift */; };
		1B78F7B21D83A654009C9B9D /* MyGetOrder+CoreDataProperties.swift in Sources */ = {isa = PBXBuildFile; fileRef = 1B78F7B01D83A654009C9B9D /* MyGetOrder+CoreDataProperties.swift */; };
		1B78F7B31D83A654009C9B9D /* MyGetOrder.swift in Sources */ = {isa = PBXBuildFile; fileRef = 1B78F7B11D83A654009C9B9D /* MyGetOrder.swift */; };
		1B7CCDE21D53BDE000B965AA /* AppDelegate.swift in Sources */ = {isa = PBXBuildFile; fileRef = 1B7CCDE11D53BDE000B965AA /* AppDelegate.swift */; };
		1B7CCDE41D53C45700B965AA /* SwiftNotice.swift in Sources */ = {isa = PBXBuildFile; fileRef = 1B7CCDE31D53C45700B965AA /* SwiftNotice.swift */; };
		1B7CCDE61D53CEB100B965AA /* User1.swift in Sources */ = {isa = PBXBuildFile; fileRef = 1B7CCDE51D53CEB100B965AA /* User1.swift */; };
		1B7E80FB1D4B41F5007FD686 /* Main.storyboard in Resources */ = {isa = PBXBuildFile; fileRef = 1B7E80F91D4B41F5007FD686 /* Main.storyboard */; };
		1B7E80FE1D4B41F5007FD686 /* SchoolE.xcdatamodeld in Sources */ = {isa = PBXBuildFile; fileRef = 1B7E80FC1D4B41F5007FD686 /* SchoolE.xcdatamodeld */; };
		1B7E81001D4B41F5007FD686 /* Assets.xcassets in Resources */ = {isa = PBXBuildFile; fileRef = 1B7E80FF1D4B41F5007FD686 /* Assets.xcassets */; };
		1B7E81031D4B41F5007FD686 /* LaunchScreen.storyboard in Resources */ = {isa = PBXBuildFile; fileRef = 1B7E81011D4B41F5007FD686 /* LaunchScreen.storyboard */; };
		1B7E810D1D4B43DA007FD686 /* MainTableViewController.swift in Sources */ = {isa = PBXBuildFile; fileRef = 1B7E810C1D4B43DA007FD686 /* MainTableViewController.swift */; };
		1B7E810F1D4B440B007FD686 /* MainTableViewCell.swift in Sources */ = {isa = PBXBuildFile; fileRef = 1B7E810E1D4B440B007FD686 /* MainTableViewCell.swift */; };
		1B7E81111D4B48DB007FD686 /* Order1.swift in Sources */ = {isa = PBXBuildFile; fileRef = 1B7E81101D4B48DB007FD686 /* Order1.swift */; };
		1B837BE31D4B575B00DB4A15 /* MainDetailViewController.swift in Sources */ = {isa = PBXBuildFile; fileRef = 1B837BE21D4B575B00DB4A15 /* MainDetailViewController.swift */; };
		1B837BE91D4B7E5E00DB4A15 /* OrdersTableViewCell.swift in Sources */ = {isa = PBXBuildFile; fileRef = 1B837BE81D4B7E5E00DB4A15 /* OrdersTableViewCell.swift */; };
		1B8CCADA1DDB3B4900417387 /* DownLoadImage.swift in Sources */ = {isa = PBXBuildFile; fileRef = 1B8CCAD91DDB3B4900417387 /* DownLoadImage.swift */; };
		1B9247321DD898E400C802CD /* MyProtocol.swift in Sources */ = {isa = PBXBuildFile; fileRef = 1B9247311DD898E400C802CD /* MyProtocol.swift */; };
		1B9247341DD898E400C802CD /* SocketChangeLable.swift in Sources */ = {isa = PBXBuildFile; fileRef = 1B9247331DD898E400C802CD /* SocketChangeLable.swift */; };
		1B9247361DD898E400C802CD /* OrderLocal.swift in Sources */ = {isa = PBXBuildFile; fileRef = 1B9247351DD898E400C802CD /* OrderLocal.swift */; };
		1B9D11761DE5B3C60090BA69 /* HistoryOrdersTableViewController.swift in Sources */ = {isa = PBXBuildFile; fileRef = 1B9D11751DE5B3C60090BA69 /* HistoryOrdersTableViewController.swift */; };
		1BABD2E71DBF549300058EFE /* UserListTableViewController.swift in Sources */ = {isa = PBXBuildFile; fileRef = 1BABD2E61DBF549300058EFE /* UserListTableViewController.swift */; };
		1BB23E861DB0F5FE00CB04E9 /* SystemTime.swift in Sources */ = {isa = PBXBuildFile; fileRef = 1BB23E851DB0F5FE00CB04E9 /* SystemTime.swift */; };
		1BBC68111DAF517D001BF2E4 /* LoginUser.swift in Sources */ = {isa = PBXBuildFile; fileRef = 1BBC68101DAF517D001BF2E4 /* LoginUser.swift */; };
		1BBDAFFE1DDD7D2E008C94D1 /* SocketGetOutAVOrders.swift in Sources */ = {isa = PBXBuildFile; fileRef = 1BBDAFFD1DDD7D2E008C94D1 /* SocketGetOutAVOrders.swift */; };
		1BBEFFDF1D53B64A00AFBB27 /* User+CoreDataProperties.swift in Sources */ = {isa = PBXBuildFile; fileRef = 1BBEFFDD1D53B64A00AFBB27 /* User+CoreDataProperties.swift */; };
		1BBEFFE01D53B64A00AFBB27 /* User.swift in Sources */ = {isa = PBXBuildFile; fileRef = 1BBEFFDE1D53B64A00AFBB27 /* User.swift */; };
		1BCBF85D1DCDB5A700953AD8 /* ImageTestViewController.swift in Sources */ = {isa = PBXBuildFile; fileRef = 1BCBF85C1DCDB5A700953AD8 /* ImageTestViewController.swift */; };
		1BCDEB821DE56CC60010EEDB /* MyTools.swift in Sources */ = {isa = PBXBuildFile; fileRef = 1BCDEB811DE56CC60010EEDB /* MyTools.swift */; };
		1BCF67BD1D528CF100B71A6D /* UserSettingViewController.swift in Sources */ = {isa = PBXBuildFile; fileRef = 1BCF67BC1D528CF100B71A6D /* UserSettingViewController.swift */; };
		1BCF67BF1D52910900B71A6D /* TelSettingViewController.swift in Sources */ = {isa = PBXBuildFile; fileRef = 1BCF67BE1D52910900B71A6D /* TelSettingViewController.swift */; };
		1BCF67C11D5293A900B71A6D /* IDSettingViewController.swift in Sources */ = {isa = PBXBuildFile; fileRef = 1BCF67C01D5293A900B71A6D /* IDSettingViewController.swift */; };
		1BCF67C31D52961400B71A6D /* PaySettingViewController.swift in Sources */ = {isa = PBXBuildFile; fileRef = 1BCF67C21D52961400B71A6D /* PaySettingViewController.swift */; };
		1BCFD0021DDEA8A400F08ADC /* SocketGetGetActiveOrders.swift in Sources */ = {isa = PBXBuildFile; fileRef = 1BCFD0011DDEA8A400F08ADC /* SocketGetGetActiveOrders.swift */; };
		1BCFD0041DDEB8B600F08ADC /* SocketGrabOrder.swift in Sources */ = {isa = PBXBuildFile; fileRef = 1BCFD0031DDEB8B600F08ADC /* SocketGrabOrder.swift */; };
		1BCFD0071DDEFD6500F08ADC /* ImageCash.swift in Sources */ = {isa = PBXBuildFile; fileRef = 1BCFD0061DDEFD6500F08ADC /* ImageCash.swift */; };
		1BCFD0091DDF173600F08ADC /* ChosePersonViewController.swift in Sources */ = {isa = PBXBuildFile; fileRef = 1BCFD0081DDF173600F08ADC /* ChosePersonViewController.swift */; };
		1BD108591DED5B1000FCEF6C /* RefreshView.swift in Sources */ = {isa = PBXBuildFile; fileRef = 1BD108581DED5B1000FCEF6C /* RefreshView.swift */; };
		1BD1085B1DED5B4800FCEF6C /* RefreshItem.swift in Sources */ = {isa = PBXBuildFile; fileRef = 1BD1085A1DED5B4800FCEF6C /* RefreshItem.swift */; };
		1BE838551DD439AC00A93E04 /* SocketConnect.swift in Sources */ = {isa = PBXBuildFile; fileRef = 1BE838541DD439AC00A93E04 /* SocketConnect.swift */; };
		1BE838571DD4433500A93E04 /* input1.swift in Sources */ = {isa = PBXBuildFile; fileRef = 1BE838561DD4433500A93E04 /* input1.swift */; };
		1BE8385B1DD485E300A93E04 /* UserWriteToFile.swift in Sources */ = {isa = PBXBuildFile; fileRef = 1BE8385A1DD485E300A93E04 /* UserWriteToFile.swift */; };
		1BE9ED791D52032800F1A570 /* UserSpaceViewController.swift in Sources */ = {isa = PBXBuildFile; fileRef = 1BE9ED781D52032800F1A570 /* UserSpaceViewController.swift */; };
		1BF5A8601DE86BDF00D684FB /* ConfirmOrder.swift in Sources */ = {isa = PBXBuildFile; fileRef = 1BF5A85F1DE86BDF00D684FB /* ConfirmOrder.swift */; };
		1BF5A8621DE875CB00D684FB /* RefuseOrder.swift in Sources */ = {isa = PBXBuildFile; fileRef = 1BF5A8611DE875CB00D684FB /* RefuseOrder.swift */; };
		1BF636B31DB108D800197A06 /* LoginViewController.swift in Sources */ = {isa = PBXBuildFile; fileRef = 1BF636B21DB108D800197A06 /* LoginViewController.swift */; };
		1BF636B51DB11FC000197A06 /* SignupViewController.swift in Sources */ = {isa = PBXBuildFile; fileRef = 1BF636B41DB11FC000197A06 /* SignupViewController.swift */; };
		F1BC40A7BB62ACD1B4237842 /* Pods_SchoolE.framework in Frameworks */ = {isa = PBXBuildFile; fileRef = DDA1710C19CB4161385BE3E5 /* Pods_SchoolE.framework */; };
/* End PBXBuildFile section */

/* Begin PBXFileReference section */
		1B116E2F1DD990E000CB99CA /* MyURLs.swift */ = {isa = PBXFileReference; fileEncoding = 4; lastKnownFileType = sourcecode.swift; path = MyURLs.swift; sourceTree = "<group>"; };
		1B116E311DD9E2AA00CB99CA /* AvailableOrdersDataSource.swift */ = {isa = PBXFileReference; fileEncoding = 4; lastKnownFileType = sourcecode.swift; path = AvailableOrdersDataSource.swift; sourceTree = "<group>"; };
		1B13BAA01D830A2300FC5D3F /* OrderDetailViewController3.swift */ = {isa = PBXFileReference; fileEncoding = 4; lastKnownFileType = sourcecode.swift; path = OrderDetailViewController3.swift; sourceTree = "<group>"; };
		1B210D111DE93B9A005846F8 /* ActiveOrdersListen.swift */ = {isa = PBXFileReference; fileEncoding = 4; lastKnownFileType = sourcecode.swift; path = ActiveOrdersListen.swift; sourceTree = "<group>"; };
		1B210D131DE94BDC005846F8 /* MyColor.swift */ = {isa = PBXFileReference; fileEncoding = 4; lastKnownFileType = sourcecode.swift; path = MyColor.swift; sourceTree = "<group>"; };
		1B210D151DE987AE005846F8 /* TabBarViewController.swift */ = {isa = PBXFileReference; fileEncoding = 4; lastKnownFileType = sourcecode.swift; path = TabBarViewController.swift; sourceTree = "<group>"; };
		1B210D171DE9D3E8005846F8 /* UpdateProfile.swift */ = {isa = PBXFileReference; fileEncoding = 4; lastKnownFileType = sourcecode.swift; path = UpdateProfile.swift; sourceTree = "<group>"; };
		1B2DD2B61D4C5115006B2E0F /* AddOrderViewController.swift */ = {isa = PBXFileReference; fileEncoding = 4; lastKnownFileType = sourcecode.swift; path = AddOrderViewController.swift; sourceTree = "<group>"; };
		1B2DD2B81D4C6304006B2E0F /* Order+CoreDataProperties.swift */ = {isa = PBXFileReference; fileEncoding = 4; lastKnownFileType = sourcecode.swift; path = "Order+CoreDataProperties.swift"; sourceTree = "<group>"; };
		1B2DD2B91D4C6304006B2E0F /* Order.swift */ = {isa = PBXFileReference; fileEncoding = 4; lastKnownFileType = sourcecode.swift; path = Order.swift; sourceTree = "<group>"; };
		1B36AA7D1D7D431700B614F6 /* DataTableViewController3.swift */ = {isa = PBXFileReference; fileEncoding = 4; lastKnownFileType = sourcecode.swift; path = DataTableViewController3.swift; sourceTree = "<group>"; };
		1B39FFCE1D4FAAB9001F649A /* UIBarExtension.swift */ = {isa = PBXFileReference; fileEncoding = 4; lastKnownFileType = sourcecode.swift; path = UIBarExtension.swift; sourceTree = "<group>"; };
		1B4B942C1DE6B1CD00586075 /* HistoryOrdersDataSource.swift */ = {isa = PBXFileReference; fileEncoding = 4; lastKnownFileType = sourcecode.swift; path = HistoryOrdersDataSource.swift; sourceTree = "<group>"; };
		1B4B942E1DE6B64300586075 /* MyPlayground.playground */ = {isa = PBXFileReference; lastKnownFileType = file.playground; path = MyPlayground.playground; sourceTree = "<group>"; };
		1B6195F81D7B157100E52EF9 /* RGViewPagerController.swift */ = {isa = PBXFileReference; fileEncoding = 4; lastKnownFileType = sourcecode.swift; path = RGViewPagerController.swift; sourceTree = "<group>"; };
		1B6195FA1D7B157100E52EF9 /* RGPageViewController.swift */ = {isa = PBXFileReference; fileEncoding = 4; lastKnownFileType = sourcecode.swift; path = RGPageViewController.swift; sourceTree = "<group>"; };
		1B6195FC1D7B157100E52EF9 /* DataTableViewController.swift */ = {isa = PBXFileReference; fileEncoding = 4; lastKnownFileType = sourcecode.swift; path = DataTableViewController.swift; sourceTree = "<group>"; };
		1B6195FE1D7B257500E52EF9 /* OrderDetailViewController2.swift */ = {isa = PBXFileReference; fileEncoding = 4; lastKnownFileType = sourcecode.swift; path = OrderDetailViewController2.swift; sourceTree = "<group>"; };
		1B78F7B01D83A654009C9B9D /* MyGetOrder+CoreDataProperties.swift */ = {isa = PBXFileReference; fileEncoding = 4; lastKnownFileType = sourcecode.swift; path = "MyGetOrder+CoreDataProperties.swift"; sourceTree = "<group>"; };
		1B78F7B11D83A654009C9B9D /* MyGetOrder.swift */ = {isa = PBXFileReference; fileEncoding = 4; lastKnownFileType = sourcecode.swift; path = MyGetOrder.swift; sourceTree = "<group>"; };
		1B7CCDE11D53BDE000B965AA /* AppDelegate.swift */ = {isa = PBXFileReference; fileEncoding = 4; lastKnownFileType = sourcecode.swift; path = AppDelegate.swift; sourceTree = "<group>"; };
		1B7CCDE31D53C45700B965AA /* SwiftNotice.swift */ = {isa = PBXFileReference; fileEncoding = 4; lastKnownFileType = sourcecode.swift; path = SwiftNotice.swift; sourceTree = "<group>"; };
		1B7CCDE51D53CEB100B965AA /* User1.swift */ = {isa = PBXFileReference; fileEncoding = 4; lastKnownFileType = sourcecode.swift; name = User1.swift; path = SchoolE/User1.swift; sourceTree = "<group>"; };
		1B7E80F21D4B41F5007FD686 /* SchoolE.app */ = {isa = PBXFileReference; explicitFileType = wrapper.application; includeInIndex = 0; path = SchoolE.app; sourceTree = BUILT_PRODUCTS_DIR; };
		1B7E80FA1D4B41F5007FD686 /* Base */ = {isa = PBXFileReference; lastKnownFileType = file.storyboard; name = Base; path = Base.lproj/Main.storyboard; sourceTree = "<group>"; };
		1B7E80FD1D4B41F5007FD686 /* SchoolE.xcdatamodel */ = {isa = PBXFileReference; lastKnownFileType = wrapper.xcdatamodel; path = SchoolE.xcdatamodel; sourceTree = "<group>"; };
		1B7E80FF1D4B41F5007FD686 /* Assets.xcassets */ = {isa = PBXFileReference; lastKnownFileType = folder.assetcatalog; path = Assets.xcassets; sourceTree = "<group>"; };
		1B7E81021D4B41F5007FD686 /* Base */ = {isa = PBXFileReference; lastKnownFileType = file.storyboard; name = Base; path = Base.lproj/LaunchScreen.storyboard; sourceTree = "<group>"; };
		1B7E81041D4B41F5007FD686 /* Info.plist */ = {isa = PBXFileReference; lastKnownFileType = text.plist.xml; path = Info.plist; sourceTree = "<group>"; };
		1B7E810C1D4B43DA007FD686 /* MainTableViewController.swift */ = {isa = PBXFileReference; fileEncoding = 4; lastKnownFileType = sourcecode.swift; path = MainTableViewController.swift; sourceTree = "<group>"; };
		1B7E810E1D4B440B007FD686 /* MainTableViewCell.swift */ = {isa = PBXFileReference; fileEncoding = 4; lastKnownFileType = sourcecode.swift; path = MainTableViewCell.swift; sourceTree = "<group>"; };
		1B7E81101D4B48DB007FD686 /* Order1.swift */ = {isa = PBXFileReference; fileEncoding = 4; lastKnownFileType = sourcecode.swift; name = Order1.swift; path = SchoolE/Order1.swift; sourceTree = "<group>"; };
		1B837BE21D4B575B00DB4A15 /* MainDetailViewController.swift */ = {isa = PBXFileReference; fileEncoding = 4; lastKnownFileType = sourcecode.swift; path = MainDetailViewController.swift; sourceTree = "<group>"; };
		1B837BE81D4B7E5E00DB4A15 /* OrdersTableViewCell.swift */ = {isa = PBXFileReference; fileEncoding = 4; lastKnownFileType = sourcecode.swift; path = OrdersTableViewCell.swift; sourceTree = "<group>"; };
		1B8CCAD91DDB3B4900417387 /* DownLoadImage.swift */ = {isa = PBXFileReference; fileEncoding = 4; lastKnownFileType = sourcecode.swift; path = DownLoadImage.swift; sourceTree = "<group>"; };
		1B9247311DD898E400C802CD /* MyProtocol.swift */ = {isa = PBXFileReference; fileEncoding = 4; lastKnownFileType = sourcecode.swift; path = MyProtocol.swift; sourceTree = "<group>"; };
		1B9247331DD898E400C802CD /* SocketChangeLable.swift */ = {isa = PBXFileReference; fileEncoding = 4; lastKnownFileType = sourcecode.swift; path = SocketChangeLable.swift; sourceTree = "<group>"; };
		1B9247351DD898E400C802CD /* OrderLocal.swift */ = {isa = PBXFileReference; fileEncoding = 4; lastKnownFileType = sourcecode.swift; name = OrderLocal.swift; path = SchoolE/OrderLocal.swift; sourceTree = "<group>"; };
		1B9D11751DE5B3C60090BA69 /* HistoryOrdersTableViewController.swift */ = {isa = PBXFileReference; fileEncoding = 4; lastKnownFileType = sourcecode.swift; path = HistoryOrdersTableViewController.swift; sourceTree = "<group>"; };
		1BABD2E61DBF549300058EFE /* UserListTableViewController.swift */ = {isa = PBXFileReference; fileEncoding = 4; lastKnownFileType = sourcecode.swift; path = UserListTableViewController.swift; sourceTree = "<group>"; };
		1BB23E851DB0F5FE00CB04E9 /* SystemTime.swift */ = {isa = PBXFileReference; fileEncoding = 4; lastKnownFileType = sourcecode.swift; path = SystemTime.swift; sourceTree = "<group>"; };
		1BBC68101DAF517D001BF2E4 /* LoginUser.swift */ = {isa = PBXFileReference; fileEncoding = 4; lastKnownFileType = sourcecode.swift; path = LoginUser.swift; sourceTree = "<group>"; };
		1BBDAFFD1DDD7D2E008C94D1 /* SocketGetOutAVOrders.swift */ = {isa = PBXFileReference; fileEncoding = 4; lastKnownFileType = sourcecode.swift; path = SocketGetOutAVOrders.swift; sourceTree = "<group>"; };
		1BBEFFDD1D53B64A00AFBB27 /* User+CoreDataProperties.swift */ = {isa = PBXFileReference; fileEncoding = 4; lastKnownFileType = sourcecode.swift; path = "User+CoreDataProperties.swift"; sourceTree = "<group>"; };
		1BBEFFDE1D53B64A00AFBB27 /* User.swift */ = {isa = PBXFileReference; fileEncoding = 4; lastKnownFileType = sourcecode.swift; path = User.swift; sourceTree = "<group>"; };
		1BCBF85C1DCDB5A700953AD8 /* ImageTestViewController.swift */ = {isa = PBXFileReference; fileEncoding = 4; lastKnownFileType = sourcecode.swift; path = ImageTestViewController.swift; sourceTree = "<group>"; };
		1BCDEB811DE56CC60010EEDB /* MyTools.swift */ = {isa = PBXFileReference; fileEncoding = 4; lastKnownFileType = sourcecode.swift; path = MyTools.swift; sourceTree = "<group>"; };
		1BCF67BC1D528CF100B71A6D /* UserSettingViewController.swift */ = {isa = PBXFileReference; fileEncoding = 4; lastKnownFileType = sourcecode.swift; path = UserSettingViewController.swift; sourceTree = "<group>"; };
		1BCF67BE1D52910900B71A6D /* TelSettingViewController.swift */ = {isa = PBXFileReference; fileEncoding = 4; lastKnownFileType = sourcecode.swift; path = TelSettingViewController.swift; sourceTree = "<group>"; };
		1BCF67C01D5293A900B71A6D /* IDSettingViewController.swift */ = {isa = PBXFileReference; fileEncoding = 4; lastKnownFileType = sourcecode.swift; path = IDSettingViewController.swift; sourceTree = "<group>"; };
		1BCF67C21D52961400B71A6D /* PaySettingViewController.swift */ = {isa = PBXFileReference; fileEncoding = 4; lastKnownFileType = sourcecode.swift; path = PaySettingViewController.swift; sourceTree = "<group>"; };
		1BCFD0011DDEA8A400F08ADC /* SocketGetGetActiveOrders.swift */ = {isa = PBXFileReference; fileEncoding = 4; lastKnownFileType = sourcecode.swift; path = SocketGetGetActiveOrders.swift; sourceTree = "<group>"; };
		1BCFD0031DDEB8B600F08ADC /* SocketGrabOrder.swift */ = {isa = PBXFileReference; fileEncoding = 4; lastKnownFileType = sourcecode.swift; path = SocketGrabOrder.swift; sourceTree = "<group>"; };
		1BCFD0061DDEFD6500F08ADC /* ImageCash.swift */ = {isa = PBXFileReference; fileEncoding = 4; lastKnownFileType = sourcecode.swift; path = ImageCash.swift; sourceTree = "<group>"; };
		1BCFD0081DDF173600F08ADC /* ChosePersonViewController.swift */ = {isa = PBXFileReference; fileEncoding = 4; lastKnownFileType = sourcecode.swift; path = ChosePersonViewController.swift; sourceTree = "<group>"; };
		1BD108581DED5B1000FCEF6C /* RefreshView.swift */ = {isa = PBXFileReference; fileEncoding = 4; lastKnownFileType = sourcecode.swift; name = RefreshView.swift; path = SchoolE/RefreshView.swift; sourceTree = "<group>"; };
		1BD1085A1DED5B4800FCEF6C /* RefreshItem.swift */ = {isa = PBXFileReference; fileEncoding = 4; lastKnownFileType = sourcecode.swift; path = RefreshItem.swift; sourceTree = "<group>"; };
		1BE838541DD439AC00A93E04 /* SocketConnect.swift */ = {isa = PBXFileReference; fileEncoding = 4; lastKnownFileType = sourcecode.swift; path = SocketConnect.swift; sourceTree = "<group>"; };
		1BE838561DD4433500A93E04 /* input1.swift */ = {isa = PBXFileReference; fileEncoding = 4; lastKnownFileType = sourcecode.swift; path = input1.swift; sourceTree = "<group>"; };
		1BE8385A1DD485E300A93E04 /* UserWriteToFile.swift */ = {isa = PBXFileReference; fileEncoding = 4; lastKnownFileType = sourcecode.swift; name = UserWriteToFile.swift; path = ../UserWriteToFile.swift; sourceTree = "<group>"; };
		1BE9ED781D52032800F1A570 /* UserSpaceViewController.swift */ = {isa = PBXFileReference; fileEncoding = 4; lastKnownFileType = sourcecode.swift; path = UserSpaceViewController.swift; sourceTree = "<group>"; };
		1BF5A85F1DE86BDF00D684FB /* ConfirmOrder.swift */ = {isa = PBXFileReference; fileEncoding = 4; lastKnownFileType = sourcecode.swift; path = ConfirmOrder.swift; sourceTree = "<group>"; };
		1BF5A8611DE875CB00D684FB /* RefuseOrder.swift */ = {isa = PBXFileReference; fileEncoding = 4; lastKnownFileType = sourcecode.swift; path = RefuseOrder.swift; sourceTree = "<group>"; };
		1BF636B21DB108D800197A06 /* LoginViewController.swift */ = {isa = PBXFileReference; fileEncoding = 4; lastKnownFileType = sourcecode.swift; path = LoginViewController.swift; sourceTree = "<group>"; };
		1BF636B41DB11FC000197A06 /* SignupViewController.swift */ = {isa = PBXFileReference; fileEncoding = 4; lastKnownFileType = sourcecode.swift; path = SignupViewController.swift; sourceTree = "<group>"; };
		5962CA716A315F2C2F0525A9 /* Pods-SchoolE.release.xcconfig */ = {isa = PBXFileReference; includeInIndex = 1; lastKnownFileType = text.xcconfig; name = "Pods-SchoolE.release.xcconfig"; path = "Pods/Target Support Files/Pods-SchoolE/Pods-SchoolE.release.xcconfig"; sourceTree = "<group>"; };
		C3E04CA05B7055F175468D2D /* Pods-SchoolE.debug.xcconfig */ = {isa = PBXFileReference; includeInIndex = 1; lastKnownFileType = text.xcconfig; name = "Pods-SchoolE.debug.xcconfig"; path = "Pods/Target Support Files/Pods-SchoolE/Pods-SchoolE.debug.xcconfig"; sourceTree = "<group>"; };
		DDA1710C19CB4161385BE3E5 /* Pods_SchoolE.framework */ = {isa = PBXFileReference; explicitFileType = wrapper.framework; includeInIndex = 0; path = Pods_SchoolE.framework; sourceTree = BUILT_PRODUCTS_DIR; };
/* End PBXFileReference section */

/* Begin PBXFrameworksBuildPhase section */
		1B7E80EF1D4B41F5007FD686 /* Frameworks */ = {
			isa = PBXFrameworksBuildPhase;
			buildActionMask = 2147483647;
			files = (
				F1BC40A7BB62ACD1B4237842 /* Pods_SchoolE.framework in Frameworks */,
			);
			runOnlyForDeploymentPostprocessing = 0;
		};
/* End PBXFrameworksBuildPhase section */

/* Begin PBXGroup section */
		0F99FAC0E2F19B861B884E3E /* Frameworks */ = {
			isa = PBXGroup;
			children = (
				DDA1710C19CB4161385BE3E5 /* Pods_SchoolE.framework */,
			);
			name = Frameworks;
			sourceTree = "<group>";
		};
		1B267D4E1DE78C55004CF28B /* networkLayer */ = {
			isa = PBXGroup;
			children = (
				1B116E2F1DD990E000CB99CA /* MyURLs.swift */,
				1B210D171DE9D3E8005846F8 /* UpdateProfile.swift */,
				1B9247311DD898E400C802CD /* MyProtocol.swift */,
				1B9247331DD898E400C802CD /* SocketChangeLable.swift */,
				1BE838541DD439AC00A93E04 /* SocketConnect.swift */,
				1BF5A85F1DE86BDF00D684FB /* ConfirmOrder.swift */,
				1BF5A8611DE875CB00D684FB /* RefuseOrder.swift */,
				1BBDAFFD1DDD7D2E008C94D1 /* SocketGetOutAVOrders.swift */,
				1BCFD0011DDEA8A400F08ADC /* SocketGetGetActiveOrders.swift */,
				1B116E311DD9E2AA00CB99CA /* AvailableOrdersDataSource.swift */,
				1B210D111DE93B9A005846F8 /* ActiveOrdersListen.swift */,
				1BCFD0031DDEB8B600F08ADC /* SocketGrabOrder.swift */,
				1B8CCAD91DDB3B4900417387 /* DownLoadImage.swift */,
				1B4B942C1DE6B1CD00586075 /* HistoryOrdersDataSource.swift */,
			);
			name = networkLayer;
			path = ..;
			sourceTree = "<group>";
		};
		1B267D4F1DE78CB3004CF28B /* model */ = {
			isa = PBXGroup;
			children = (
				1BBC68101DAF517D001BF2E4 /* LoginUser.swift */,
				1B78F7B01D83A654009C9B9D /* MyGetOrder+CoreDataProperties.swift */,
				1BBEFFDD1D53B64A00AFBB27 /* User+CoreDataProperties.swift */,
				1B78F7B11D83A654009C9B9D /* MyGetOrder.swift */,
				1BBEFFDE1D53B64A00AFBB27 /* User.swift */,
				1B2DD2B81D4C6304006B2E0F /* Order+CoreDataProperties.swift */,
				1B2DD2B91D4C6304006B2E0F /* Order.swift */,
				1B7E81101D4B48DB007FD686 /* Order1.swift */,
				1B7CCDE51D53CEB100B965AA /* User1.swift */,
				1B9247351DD898E400C802CD /* OrderLocal.swift */,
				1B7E80FC1D4B41F5007FD686 /* SchoolE.xcdatamodeld */,
			);
			name = model;
			path = ..;
			sourceTree = "<group>";
		};
		1B267D501DE78CB3004CF28B /* ViewController */ = {
			isa = PBXGroup;
			children = (
				1B210D151DE987AE005846F8 /* TabBarViewController.swift */,
				1BF636B21DB108D800197A06 /* LoginViewController.swift */,
				1BF636B41DB11FC000197A06 /* SignupViewController.swift */,
				1B6195F81D7B157100E52EF9 /* RGViewPagerController.swift */,
				1B6195FC1D7B157100E52EF9 /* DataTableViewController.swift */,
				1B36AA7D1D7D431700B614F6 /* DataTableViewController3.swift */,
				1B6195FE1D7B257500E52EF9 /* OrderDetailViewController2.swift */,
				1B13BAA01D830A2300FC5D3F /* OrderDetailViewController3.swift */,
				1BCFD0081DDF173600F08ADC /* ChosePersonViewController.swift */,
				1B837BE81D4B7E5E00DB4A15 /* OrdersTableViewCell.swift */,
				1B2DD2B61D4C5115006B2E0F /* AddOrderViewController.swift */,
				1BE9ED781D52032800F1A570 /* UserSpaceViewController.swift */,
				1BCF67BC1D528CF100B71A6D /* UserSettingViewController.swift */,
				1BCF67C01D5293A900B71A6D /* IDSettingViewController.swift */,
				1BCF67BE1D52910900B71A6D /* TelSettingViewController.swift */,
				1BCF67C21D52961400B71A6D /* PaySettingViewController.swift */,
				1B7E810E1D4B440B007FD686 /* MainTableViewCell.swift */,
				1B7E810C1D4B43DA007FD686 /* MainTableViewController.swift */,
				1B837BE21D4B575B00DB4A15 /* MainDetailViewController.swift */,
				1BCBF85C1DCDB5A700953AD8 /* ImageTestViewController.swift */,
				1BE838561DD4433500A93E04 /* input1.swift */,
				1BABD2E61DBF549300058EFE /* UserListTableViewController.swift */,
				1B9D11751DE5B3C60090BA69 /* HistoryOrdersTableViewController.swift */,
			);
			name = ViewController;
			sourceTree = "<group>";
		};
		1B267D511DE78CB3004CF28B /* View */ = {
			isa = PBXGroup;
			children = (
				1B7E80F91D4B41F5007FD686 /* Main.storyboard */,
				1B7E81011D4B41F5007FD686 /* LaunchScreen.storyboard */,
			);
			name = View;
			sourceTree = "<group>";
		};
		1B267D531DE78CB3004CF28B /* resource */ = {
			isa = PBXGroup;
			children = (
				1B7E80FF1D4B41F5007FD686 /* Assets.xcassets */,
			);
			name = resource;
			sourceTree = "<group>";
		};
		1B7E80E91D4B41F5007FD686 = {
			isa = PBXGroup;
			children = (
				1B4B942E1DE6B64300586075 /* MyPlayground.playground */,
				1BCDEB811DE56CC60010EEDB /* MyTools.swift */,
				1BCFD0061DDEFD6500F08ADC /* ImageCash.swift */,
				1BB23E851DB0F5FE00CB04E9 /* SystemTime.swift */,
				1BD108581DED5B1000FCEF6C /* RefreshView.swift */,
				1BD1085A1DED5B4800FCEF6C /* RefreshItem.swift */,
				1B7E80F41D4B41F5007FD686 /* SchoolE */,
				1B7E80F31D4B41F5007FD686 /* Products */,
				2DA77402B854FF176D679F9C /* Pods */,
				0F99FAC0E2F19B861B884E3E /* Frameworks */,
			);
			sourceTree = "<group>";
		};
		1B7E80F31D4B41F5007FD686 /* Products */ = {
			isa = PBXGroup;
			children = (
				1B7E80F21D4B41F5007FD686 /* SchoolE.app */,
			);
			name = Products;
			sourceTree = "<group>";
		};
		1B7E80F41D4B41F5007FD686 /* SchoolE */ = {
			isa = PBXGroup;
			children = (
				1B39FFCE1D4FAAB9001F649A /* UIBarExtension.swift */,
				1B210D131DE94BDC005846F8 /* MyColor.swift */,
				1B7CCDE31D53C45700B965AA /* SwiftNotice.swift */,
				1B6195FA1D7B157100E52EF9 /* RGPageViewController.swift */,
				1BE8385A1DD485E300A93E04 /* UserWriteToFile.swift */,
				1B7CCDE11D53BDE000B965AA /* AppDelegate.swift */,
				1B267D511DE78CB3004CF28B /* View */,
				1B267D4E1DE78C55004CF28B /* networkLayer */,
				1B267D4F1DE78CB3004CF28B /* model */,
				1B267D501DE78CB3004CF28B /* ViewController */,
				1B267D531DE78CB3004CF28B /* resource */,
				1B7E81041D4B41F5007FD686 /* Info.plist */,
			);
			path = SchoolE;
			sourceTree = "<group>";
		};
		2DA77402B854FF176D679F9C /* Pods */ = {
			isa = PBXGroup;
			children = (
				C3E04CA05B7055F175468D2D /* Pods-SchoolE.debug.xcconfig */,
				5962CA716A315F2C2F0525A9 /* Pods-SchoolE.release.xcconfig */,
			);
			name = Pods;
			sourceTree = "<group>";
		};
/* End PBXGroup section */

/* Begin PBXNativeTarget section */
		1B7E80F11D4B41F5007FD686 /* SchoolE */ = {
			isa = PBXNativeTarget;
			buildConfigurationList = 1B7E81071D4B41F5007FD686 /* Build configuration list for PBXNativeTarget "SchoolE" */;
			buildPhases = (
				FC3E7EDD3317AEC5E063FD15 /* [CP] Check Pods Manifest.lock */,
				1B7E80EE1D4B41F5007FD686 /* Sources */,
				1B7E80EF1D4B41F5007FD686 /* Frameworks */,
				1B7E80F01D4B41F5007FD686 /* Resources */,
				BF6D857B315650664C3614A5 /* [CP] Embed Pods Frameworks */,
				7172AC71F4297EAE8F2754F3 /* [CP] Copy Pods Resources */,
			);
			buildRules = (
			);
			dependencies = (
			);
			name = SchoolE;
			productName = SchoolE;
			productReference = 1B7E80F21D4B41F5007FD686 /* SchoolE.app */;
			productType = "com.apple.product-type.application";
		};
/* End PBXNativeTarget section */

/* Begin PBXProject section */
		1B7E80EA1D4B41F5007FD686 /* Project object */ = {
			isa = PBXProject;
			attributes = {
				LastSwiftUpdateCheck = 0730;
				LastUpgradeCheck = 0730;
				ORGANIZATIONNAME = rentsl;
				TargetAttributes = {
					1B7E80F11D4B41F5007FD686 = {
						CreatedOnToolsVersion = 7.3.1;
						DevelopmentTeam = ZVFTJ2CSP8;
						LastSwiftMigration = 0800;
						ProvisioningStyle = Automatic;
					};
				};
			};
			buildConfigurationList = 1B7E80ED1D4B41F5007FD686 /* Build configuration list for PBXProject "SchoolE" */;
			compatibilityVersion = "Xcode 3.2";
			developmentRegion = English;
			hasScannedForEncodings = 0;
			knownRegions = (
				en,
				Base,
			);
			mainGroup = 1B7E80E91D4B41F5007FD686;
			productRefGroup = 1B7E80F31D4B41F5007FD686 /* Products */;
			projectDirPath = "";
			projectRoot = "";
			targets = (
				1B7E80F11D4B41F5007FD686 /* SchoolE */,
			);
		};
/* End PBXProject section */

/* Begin PBXResourcesBuildPhase section */
		1B7E80F01D4B41F5007FD686 /* Resources */ = {
			isa = PBXResourcesBuildPhase;
			buildActionMask = 2147483647;
			files = (
				1B7E81031D4B41F5007FD686 /* LaunchScreen.storyboard in Resources */,
				1B7E81001D4B41F5007FD686 /* Assets.xcassets in Resources */,
				1B7E80FB1D4B41F5007FD686 /* Main.storyboard in Resources */,
			);
			runOnlyForDeploymentPostprocessing = 0;
		};
/* End PBXResourcesBuildPhase section */

/* Begin PBXShellScriptBuildPhase section */
		7172AC71F4297EAE8F2754F3 /* [CP] Copy Pods Resources */ = {
			isa = PBXShellScriptBuildPhase;
			buildActionMask = 2147483647;
			files = (
			);
			inputPaths = (
			);
			name = "[CP] Copy Pods Resources";
			outputPaths = (
			);
			runOnlyForDeploymentPostprocessing = 0;
			shellPath = /bin/sh;
			shellScript = "\"${SRCROOT}/Pods/Target Support Files/Pods-SchoolE/Pods-SchoolE-resources.sh\"\n";
			showEnvVarsInLog = 0;
		};
		BF6D857B315650664C3614A5 /* [CP] Embed Pods Frameworks */ = {
			isa = PBXShellScriptBuildPhase;
			buildActionMask = 2147483647;
			files = (
			);
			inputPaths = (
			);
			name = "[CP] Embed Pods Frameworks";
			outputPaths = (
			);
			runOnlyForDeploymentPostprocessing = 0;
			shellPath = /bin/sh;
			shellScript = "\"${SRCROOT}/Pods/Target Support Files/Pods-SchoolE/Pods-SchoolE-frameworks.sh\"\n";
			showEnvVarsInLog = 0;
		};
		FC3E7EDD3317AEC5E063FD15 /* [CP] Check Pods Manifest.lock */ = {
			isa = PBXShellScriptBuildPhase;
			buildActionMask = 2147483647;
			files = (
			);
			inputPaths = (
			);
			name = "[CP] Check Pods Manifest.lock";
			outputPaths = (
			);
			runOnlyForDeploymentPostprocessing = 0;
			shellPath = /bin/sh;
			shellScript = "diff \"${PODS_ROOT}/../Podfile.lock\" \"${PODS_ROOT}/Manifest.lock\" > /dev/null\nif [[ $? != 0 ]] ; then\n    cat << EOM\nerror: The sandbox is not in sync with the Podfile.lock. Run 'pod install' or update your CocoaPods installation.\nEOM\n    exit 1\nfi\n";
			showEnvVarsInLog = 0;
		};
/* End PBXShellScriptBuildPhase section */

/* Begin PBXSourcesBuildPhase section */
		1B7E80EE1D4B41F5007FD686 /* Sources */ = {
			isa = PBXSourcesBuildPhase;
			buildActionMask = 2147483647;
			files = (
				1BE838571DD4433500A93E04 /* input1.swift in Sources */,
				1B7CCDE61D53CEB100B965AA /* User1.swift in Sources */,
				1B9247361DD898E400C802CD /* OrderLocal.swift in Sources */,
				1BCFD0041DDEB8B600F08ADC /* SocketGrabOrder.swift in Sources */,
				1B7CCDE21D53BDE000B965AA /* AppDelegate.swift in Sources */,
				1B116E321DD9E2AA00CB99CA /* AvailableOrdersDataSource.swift in Sources */,
				1BCF67C31D52961400B71A6D /* PaySettingViewController.swift in Sources */,
				1B210D121DE93B9A005846F8 /* ActiveOrdersListen.swift in Sources */,
				1B2DD2BA1D4C6304006B2E0F /* Order+CoreDataProperties.swift in Sources */,
				1B39FFCF1D4FAAB9001F649A /* UIBarExtension.swift in Sources */,
				1BB23E861DB0F5FE00CB04E9 /* SystemTime.swift in Sources */,
				1BCF67BD1D528CF100B71A6D /* UserSettingViewController.swift in Sources */,
				1BE8385B1DD485E300A93E04 /* UserWriteToFile.swift in Sources */,
				1BE9ED791D52032800F1A570 /* UserSpaceViewController.swift in Sources */,
				1B837BE31D4B575B00DB4A15 /* MainDetailViewController.swift in Sources */,
				1B116E301DD990E000CB99CA /* MyURLs.swift in Sources */,
				1B837BE91D4B7E5E00DB4A15 /* OrdersTableViewCell.swift in Sources */,
				1BF5A8601DE86BDF00D684FB /* ConfirmOrder.swift in Sources */,
				1BCDEB821DE56CC60010EEDB /* MyTools.swift in Sources */,
				1BF636B51DB11FC000197A06 /* SignupViewController.swift in Sources */,
				1B7E810D1D4B43DA007FD686 /* MainTableViewController.swift in Sources */,
				1BBEFFE01D53B64A00AFBB27 /* User.swift in Sources */,
				1B7E81111D4B48DB007FD686 /* Order1.swift in Sources */,
				1BCBF85D1DCDB5A700953AD8 /* ImageTestViewController.swift in Sources */,
				1BD108591DED5B1000FCEF6C /* RefreshView.swift in Sources */,
				1BBDAFFE1DDD7D2E008C94D1 /* SocketGetOutAVOrders.swift in Sources */,
				1B210D141DE94BDC005846F8 /* MyColor.swift in Sources */,
				1BF636B31DB108D800197A06 /* LoginViewController.swift in Sources */,
				1BCFD0021DDEA8A400F08ADC /* SocketGetGetActiveOrders.swift in Sources */,
				1BABD2E71DBF549300058EFE /* UserListTableViewController.swift in Sources */,
				1B13BAA11D830A2300FC5D3F /* OrderDetailViewController3.swift in Sources */,
				1BBC68111DAF517D001BF2E4 /* LoginUser.swift in Sources */,
				1BCF67BF1D52910900B71A6D /* TelSettingViewController.swift in Sources */,
				1B210D161DE987AE005846F8 /* TabBarViewController.swift in Sources */,
				1B4B942D1DE6B1CD00586075 /* HistoryOrdersDataSource.swift in Sources */,
				1B36AA7E1D7D431700B614F6 /* DataTableViewController3.swift in Sources */,
				1BF5A8621DE875CB00D684FB /* RefuseOrder.swift in Sources */,
				1B2DD2B71D4C5115006B2E0F /* AddOrderViewController.swift in Sources */,
				1BCF67C11D5293A900B71A6D /* IDSettingViewController.swift in Sources */,
				1B6195FF1D7B257500E52EF9 /* OrderDetailViewController2.swift in Sources */,
				1B78F7B21D83A654009C9B9D /* MyGetOrder+CoreDataProperties.swift in Sources */,
				1B7E810F1D4B440B007FD686 /* MainTableViewCell.swift in Sources */,
				1BCFD0091DDF173600F08ADC /* ChosePersonViewController.swift in Sources */,
				1BCFD0071DDEFD6500F08ADC /* ImageCash.swift in Sources */,
				1B7CCDE41D53C45700B965AA /* SwiftNotice.swift in Sources */,
				1BBEFFDF1D53B64A00AFBB27 /* User+CoreDataProperties.swift in Sources */,
				1B2DD2BB1D4C6304006B2E0F /* Order.swift in Sources */,
				1B6195FB1D7B157100E52EF9 /* RGPageViewController.swift in Sources */,
				1B6195F91D7B157100E52EF9 /* RGViewPagerController.swift in Sources */,
				1B210D181DE9D3E8005846F8 /* UpdateProfile.swift in Sources */,
				1B9247321DD898E400C802CD /* MyProtocol.swift in Sources */,
				1B9D11761DE5B3C60090BA69 /* HistoryOrdersTableViewController.swift in Sources */,
				1B78F7B31D83A654009C9B9D /* MyGetOrder.swift in Sources */,
				1B7E80FE1D4B41F5007FD686 /* SchoolE.xcdatamodeld in Sources */,
				1B9247341DD898E400C802CD /* SocketChangeLable.swift in Sources */,
				1BE838551DD439AC00A93E04 /* SocketConnect.swift in Sources */,
				1B8CCADA1DDB3B4900417387 /* DownLoadImage.swift in Sources */,
				1B6195FD1D7B157100E52EF9 /* DataTableViewController.swift in Sources */,
				1BD1085B1DED5B4800FCEF6C /* RefreshItem.swift in Sources */,
			);
			runOnlyForDeploymentPostprocessing = 0;
		};
/* End PBXSourcesBuildPhase section */

/* Begin PBXVariantGroup section */
		1B7E80F91D4B41F5007FD686 /* Main.storyboard */ = {
			isa = PBXVariantGroup;
			children = (
				1B7E80FA1D4B41F5007FD686 /* Base */,
			);
			name = Main.storyboard;
			sourceTree = "<group>";
		};
		1B7E81011D4B41F5007FD686 /* LaunchScreen.storyboard */ = {
			isa = PBXVariantGroup;
			children = (
				1B7E81021D4B41F5007FD686 /* Base */,
			);
			name = LaunchScreen.storyboard;
			sourceTree = "<group>";
		};
/* End PBXVariantGroup section */

/* Begin XCBuildConfiguration section */
		1B7E81051D4B41F5007FD686 /* Debug */ = {
			isa = XCBuildConfiguration;
			buildSettings = {
				ALWAYS_SEARCH_USER_PATHS = NO;
				CLANG_ANALYZER_NONNULL = YES;
				CLANG_CXX_LANGUAGE_STANDARD = "gnu++0x";
				CLANG_CXX_LIBRARY = "libc++";
				CLANG_ENABLE_MODULES = YES;
				CLANG_ENABLE_OBJC_ARC = YES;
				CLANG_WARN_BOOL_CONVERSION = YES;
				CLANG_WARN_CONSTANT_CONVERSION = YES;
				CLANG_WARN_DIRECT_OBJC_ISA_USAGE = YES_ERROR;
				CLANG_WARN_EMPTY_BODY = YES;
				CLANG_WARN_ENUM_CONVERSION = YES;
				CLANG_WARN_INT_CONVERSION = YES;
				CLANG_WARN_OBJC_ROOT_CLASS = YES_ERROR;
				CLANG_WARN_UNREACHABLE_CODE = YES;
				CLANG_WARN__DUPLICATE_METHOD_MATCH = YES;
				"CODE_SIGN_IDENTITY[sdk=iphoneos*]" = "iPhone Developer";
				COPY_PHASE_STRIP = NO;
				DEBUG_INFORMATION_FORMAT = dwarf;
				ENABLE_STRICT_OBJC_MSGSEND = YES;
				ENABLE_TESTABILITY = YES;
				GCC_C_LANGUAGE_STANDARD = gnu99;
				GCC_DYNAMIC_NO_PIC = NO;
				GCC_NO_COMMON_BLOCKS = YES;
				GCC_OPTIMIZATION_LEVEL = 0;
				GCC_PREPROCESSOR_DEFINITIONS = (
					"DEBUG=1",
					"$(inherited)",
				);
				GCC_WARN_64_TO_32_BIT_CONVERSION = YES;
				GCC_WARN_ABOUT_RETURN_TYPE = YES_ERROR;
				GCC_WARN_UNDECLARED_SELECTOR = YES;
				GCC_WARN_UNINITIALIZED_AUTOS = YES_AGGRESSIVE;
				GCC_WARN_UNUSED_FUNCTION = YES;
				GCC_WARN_UNUSED_VARIABLE = YES;
				IPHONEOS_DEPLOYMENT_TARGET = 9.3;
				MTL_ENABLE_DEBUG_INFO = YES;
				ONLY_ACTIVE_ARCH = YES;
				SDKROOT = iphoneos;
				SWIFT_OPTIMIZATION_LEVEL = "-Onone";
				TARGETED_DEVICE_FAMILY = "1,2";
			};
			name = Debug;
		};
		1B7E81061D4B41F5007FD686 /* Release */ = {
			isa = XCBuildConfiguration;
			buildSettings = {
				ALWAYS_SEARCH_USER_PATHS = NO;
				CLANG_ANALYZER_NONNULL = YES;
				CLANG_CXX_LANGUAGE_STANDARD = "gnu++0x";
				CLANG_CXX_LIBRARY = "libc++";
				CLANG_ENABLE_MODULES = YES;
				CLANG_ENABLE_OBJC_ARC = YES;
				CLANG_WARN_BOOL_CONVERSION = YES;
				CLANG_WARN_CONSTANT_CONVERSION = YES;
				CLANG_WARN_DIRECT_OBJC_ISA_USAGE = YES_ERROR;
				CLANG_WARN_EMPTY_BODY = YES;
				CLANG_WARN_ENUM_CONVERSION = YES;
				CLANG_WARN_INT_CONVERSION = YES;
				CLANG_WARN_OBJC_ROOT_CLASS = YES_ERROR;
				CLANG_WARN_UNREACHABLE_CODE = YES;
				CLANG_WARN__DUPLICATE_METHOD_MATCH = YES;
				"CODE_SIGN_IDENTITY[sdk=iphoneos*]" = "iPhone Developer";
				COPY_PHASE_STRIP = NO;
				DEBUG_INFORMATION_FORMAT = "dwarf-with-dsym";
				ENABLE_NS_ASSERTIONS = NO;
				ENABLE_STRICT_OBJC_MSGSEND = YES;
				GCC_C_LANGUAGE_STANDARD = gnu99;
				GCC_NO_COMMON_BLOCKS = YES;
				GCC_WARN_64_TO_32_BIT_CONVERSION = YES;
				GCC_WARN_ABOUT_RETURN_TYPE = YES_ERROR;
				GCC_WARN_UNDECLARED_SELECTOR = YES;
				GCC_WARN_UNINITIALIZED_AUTOS = YES_AGGRESSIVE;
				GCC_WARN_UNUSED_FUNCTION = YES;
				GCC_WARN_UNUSED_VARIABLE = YES;
				IPHONEOS_DEPLOYMENT_TARGET = 9.3;
				MTL_ENABLE_DEBUG_INFO = NO;
				SDKROOT = iphoneos;
				TARGETED_DEVICE_FAMILY = "1,2";
				VALIDATE_PRODUCT = YES;
			};
			name = Release;
		};
		1B7E81081D4B41F5007FD686 /* Debug */ = {
			isa = XCBuildConfiguration;
			baseConfigurationReference = C3E04CA05B7055F175468D2D /* Pods-SchoolE.debug.xcconfig */;
			buildSettings = {
				ASSETCATALOG_COMPILER_APPICON_NAME = AppIcon;
				CODE_SIGN_IDENTITY = "iPhone Developer";
				"CODE_SIGN_IDENTITY[sdk=iphoneos*]" = "iPhone Developer";
				DEVELOPMENT_TEAM = ZVFTJ2CSP8;
				INFOPLIST_FILE = SchoolE/Info.plist;
				IPHONEOS_DEPLOYMENT_TARGET = 10.0;
				LD_RUNPATH_SEARCH_PATHS = "$(inherited) @executable_path/Frameworks";
				PRODUCT_BUNDLE_IDENTIFIER = hdu.edu.cn.rentsl.SchoolE.e;
				PRODUCT_NAME = "$(TARGET_NAME)";
				PROVISIONING_PROFILE = "";
				SWIFT_VERSION = 2.3;
				TARGETED_DEVICE_FAMILY = "1,2";
			};
			name = Debug;
		};
		1B7E81091D4B41F5007FD686 /* Release */ = {
			isa = XCBuildConfiguration;
			baseConfigurationReference = 5962CA716A315F2C2F0525A9 /* Pods-SchoolE.release.xcconfig */;
			buildSettings = {
				ASSETCATALOG_COMPILER_APPICON_NAME = AppIcon;
				CODE_SIGN_IDENTITY = "iPhone Developer";
				"CODE_SIGN_IDENTITY[sdk=iphoneos*]" = "iPhone Developer";
				DEVELOPMENT_TEAM = ZVFTJ2CSP8;
				INFOPLIST_FILE = SchoolE/Info.plist;
				IPHONEOS_DEPLOYMENT_TARGET = 10.0;
				LD_RUNPATH_SEARCH_PATHS = "$(inherited) @executable_path/Frameworks";
				PRODUCT_BUNDLE_IDENTIFIER = hdu.edu.cn.rentsl.SchoolE.e;
				PRODUCT_NAME = "$(TARGET_NAME)";
				PROVISIONING_PROFILE = "";
				SWIFT_VERSION = 2.3;
				TARGETED_DEVICE_FAMILY = "1,2";
			};
			name = Release;
		};
/* End XCBuildConfiguration section */

/* Begin XCConfigurationList section */
		1B7E80ED1D4B41F5007FD686 /* Build configuration list for PBXProject "SchoolE" */ = {
			isa = XCConfigurationList;
			buildConfigurations = (
				1B7E81051D4B41F5007FD686 /* Debug */,
				1B7E81061D4B41F5007FD686 /* Release */,
			);
			defaultConfigurationIsVisible = 0;
			defaultConfigurationName = Release;
		};
		1B7E81071D4B41F5007FD686 /* Build configuration list for PBXNativeTarget "SchoolE" */ = {
			isa = XCConfigurationList;
			buildConfigurations = (
				1B7E81081D4B41F5007FD686 /* Debug */,
				1B7E81091D4B41F5007FD686 /* Release */,
			);
			defaultConfigurationIsVisible = 0;
			defaultConfigurationName = Release;
		};
/* End XCConfigurationList section */

/* Begin XCVersionGroup section */
		1B7E80FC1D4B41F5007FD686 /* SchoolE.xcdatamodeld */ = {
			isa = XCVersionGroup;
			children = (
				1B7E80FD1D4B41F5007FD686 /* SchoolE.xcdatamodel */,
			);
			currentVersion = 1B7E80FD1D4B41F5007FD686 /* SchoolE.xcdatamodel */;
			name = SchoolE.xcdatamodeld;
			path = SchoolE/SchoolE.xcdatamodeld;
			sourceTree = "<group>";
			versionGroupType = wrapper.xcdatamodel;
		};
/* End XCVersionGroup section */
	};
	rootObject = 1B7E80EA1D4B41F5007FD686 /* Project object */;
}
